// !$*UTF8*$!
{
	archiveVersion = 1;
	classes = {
	};
	objectVersion = 46;
	objects = {

/* Begin PBXBuildFile section */
		4B5BF4EF1C34C731008A1B80 /* AppDelegate.swift in Sources */ = {isa = PBXBuildFile; fileRef = 4B5BF4EE1C34C731008A1B80 /* AppDelegate.swift */; };
		4B5BF4F11C34C731008A1B80 /* ViewController.swift in Sources */ = {isa = PBXBuildFile; fileRef = 4B5BF4F01C34C731008A1B80 /* ViewController.swift */; };
		4B5BF4F41C34C731008A1B80 /* Main.storyboard in Resources */ = {isa = PBXBuildFile; fileRef = 4B5BF4F21C34C731008A1B80 /* Main.storyboard */; };
		4B5BF4F61C34C731008A1B80 /* Assets.xcassets in Resources */ = {isa = PBXBuildFile; fileRef = 4B5BF4F51C34C731008A1B80 /* Assets.xcassets */; };
		4B5BF4F91C34C731008A1B80 /* LaunchScreen.storyboard in Resources */ = {isa = PBXBuildFile; fileRef = 4B5BF4F71C34C731008A1B80 /* LaunchScreen.storyboard */; };
		4B5BF5041C34C731008A1B80 /* BoozeBotTests.swift in Sources */ = {isa = PBXBuildFile; fileRef = 4B5BF5031C34C731008A1B80 /* BoozeBotTests.swift */; };
		4B5BF50F1C34C731008A1B80 /* BoozeBotUITests.swift in Sources */ = {isa = PBXBuildFile; fileRef = 4B5BF50E1C34C731008A1B80 /* BoozeBotUITests.swift */; };
		EB80C95B139AD42E9B633C08 /* libPods-BoozeBot.a in Frameworks */ = {isa = PBXBuildFile; fileRef = 281A43783DDA800749E5220F /* libPods-BoozeBot.a */; };
/* End PBXBuildFile section */

/* Begin PBXContainerItemProxy section */
		4B5BF5001C34C731008A1B80 /* PBXContainerItemProxy */ = {
			isa = PBXContainerItemProxy;
			containerPortal = 4B5BF4E31C34C731008A1B80 /* Project object */;
			proxyType = 1;
			remoteGlobalIDString = 4B5BF4EA1C34C731008A1B80;
			remoteInfo = BoozeBot;
		};
		4B5BF50B1C34C731008A1B80 /* PBXContainerItemProxy */ = {
			isa = PBXContainerItemProxy;
			containerPortal = 4B5BF4E31C34C731008A1B80 /* Project object */;
			proxyType = 1;
			remoteGlobalIDString = 4B5BF4EA1C34C731008A1B80;
			remoteInfo = BoozeBot;
		};
/* End PBXContainerItemProxy section */

/* Begin PBXFileReference section */
		281A43783DDA800749E5220F /* libPods-BoozeBot.a */ = {isa = PBXFileReference; explicitFileType = archive.ar; includeInIndex = 0; path = "libPods-BoozeBot.a"; sourceTree = BUILT_PRODUCTS_DIR; };
		4B5BF4EB1C34C731008A1B80 /* BoozeBot.app */ = {isa = PBXFileReference; explicitFileType = wrapper.application; includeInIndex = 0; path = BoozeBot.app; sourceTree = BUILT_PRODUCTS_DIR; };
		4B5BF4EE1C34C731008A1B80 /* AppDelegate.swift */ = {isa = PBXFileReference; lastKnownFileType = sourcecode.swift; path = AppDelegate.swift; sourceTree = "<group>"; };
		4B5BF4F01C34C731008A1B80 /* ViewController.swift */ = {isa = PBXFileReference; lastKnownFileType = sourcecode.swift; path = ViewController.swift; sourceTree = "<group>"; };
		4B5BF4F31C34C731008A1B80 /* Base */ = {isa = PBXFileReference; lastKnownFileType = file.storyboard; name = Base; path = Base.lproj/Main.storyboard; sourceTree = "<group>"; };
		4B5BF4F51C34C731008A1B80 /* Assets.xcassets */ = {isa = PBXFileReference; lastKnownFileType = folder.assetcatalog; path = Assets.xcassets; sourceTree = "<group>"; };
		4B5BF4F81C34C731008A1B80 /* Base */ = {isa = PBXFileReference; lastKnownFileType = file.storyboard; name = Base; path = Base.lproj/LaunchScreen.storyboard; sourceTree = "<group>"; };
		4B5BF4FA1C34C731008A1B80 /* Info.plist */ = {isa = PBXFileReference; lastKnownFileType = text.plist.xml; path = Info.plist; sourceTree = "<group>"; };
		4B5BF4FF1C34C731008A1B80 /* BoozeBotTests.xctest */ = {isa = PBXFileReference; explicitFileType = wrapper.cfbundle; includeInIndex = 0; path = BoozeBotTests.xctest; sourceTree = BUILT_PRODUCTS_DIR; };
		4B5BF5031C34C731008A1B80 /* BoozeBotTests.swift */ = {isa = PBXFileReference; lastKnownFileType = sourcecode.swift; path = BoozeBotTests.swift; sourceTree = "<group>"; };
		4B5BF5051C34C731008A1B80 /* Info.plist */ = {isa = PBXFileReference; lastKnownFileType = text.plist.xml; path = Info.plist; sourceTree = "<group>"; };
		4B5BF50A1C34C731008A1B80 /* BoozeBotUITests.xctest */ = {isa = PBXFileReference; explicitFileType = wrapper.cfbundle; includeInIndex = 0; path = BoozeBotUITests.xctest; sourceTree = BUILT_PRODUCTS_DIR; };
		4B5BF50E1C34C731008A1B80 /* BoozeBotUITests.swift */ = {isa = PBXFileReference; lastKnownFileType = sourcecode.swift; path = BoozeBotUITests.swift; sourceTree = "<group>"; };
		4B5BF5101C34C731008A1B80 /* Info.plist */ = {isa = PBXFileReference; lastKnownFileType = text.plist.xml; path = Info.plist; sourceTree = "<group>"; };
		4B7E2A9F87EEF2B94FAF0AB3 /* Pods-BoozeBot.debug.xcconfig */ = {isa = PBXFileReference; includeInIndex = 1; lastKnownFileType = text.xcconfig; name = "Pods-BoozeBot.debug.xcconfig"; path = "Pods/Target Support Files/Pods-BoozeBot/Pods-BoozeBot.debug.xcconfig"; sourceTree = "<group>"; };
		D9DC5A7E12CA5FF9A06F3890 /* Pods-BoozeBot.release.xcconfig */ = {isa = PBXFileReference; includeInIndex = 1; lastKnownFileType = text.xcconfig; name = "Pods-BoozeBot.release.xcconfig"; path = "Pods/Target Support Files/Pods-BoozeBot/Pods-BoozeBot.release.xcconfig"; sourceTree = "<group>"; };
/* End PBXFileReference section */

/* Begin PBXFrameworksBuildPhase section */
		4B5BF4E81C34C731008A1B80 /* Frameworks */ = {
			isa = PBXFrameworksBuildPhase;
			buildActionMask = 2147483647;
			files = (
				EB80C95B139AD42E9B633C08 /* libPods-BoozeBot.a in Frameworks */,
			);
			runOnlyForDeploymentPostprocessing = 0;
		};
		4B5BF4FC1C34C731008A1B80 /* Frameworks */ = {
			isa = PBXFrameworksBuildPhase;
			buildActionMask = 2147483647;
			files = (
			);
			runOnlyForDeploymentPostprocessing = 0;
		};
		4B5BF5071C34C731008A1B80 /* Frameworks */ = {
			isa = PBXFrameworksBuildPhase;
			buildActionMask = 2147483647;
			files = (
			);
			runOnlyForDeploymentPostprocessing = 0;
		};
/* End PBXFrameworksBuildPhase section */

/* Begin PBXGroup section */
		3E9CEB4310766626AECC693A /* Pods */ = {
			isa = PBXGroup;
			children = (
				4B7E2A9F87EEF2B94FAF0AB3 /* Pods-BoozeBot.debug.xcconfig */,
				D9DC5A7E12CA5FF9A06F3890 /* Pods-BoozeBot.release.xcconfig */,
			);
			name = Pods;
			sourceTree = "<group>";
		};
		4B5BF4E21C34C731008A1B80 = {
			isa = PBXGroup;
			children = (
				4B5BF4ED1C34C731008A1B80 /* BoozeBot */,
				4B5BF5021C34C731008A1B80 /* BoozeBotTests */,
				4B5BF50D1C34C731008A1B80 /* BoozeBotUITests */,
				4B5BF4EC1C34C731008A1B80 /* Products */,
				3E9CEB4310766626AECC693A /* Pods */,
				B19359B5200A7EF4DAAD5FEA /* Frameworks */,
			);
			sourceTree = "<group>";
		};
		4B5BF4EC1C34C731008A1B80 /* Products */ = {
			isa = PBXGroup;
			children = (
				4B5BF4EB1C34C731008A1B80 /* BoozeBot.app */,
				4B5BF4FF1C34C731008A1B80 /* BoozeBotTests.xctest */,
				4B5BF50A1C34C731008A1B80 /* BoozeBotUITests.xctest */,
			);
			name = Products;
			sourceTree = "<group>";
		};
		4B5BF4ED1C34C731008A1B80 /* BoozeBot */ = {
			isa = PBXGroup;
			children = (
				4B5BF4EE1C34C731008A1B80 /* AppDelegate.swift */,
				4B5BF4F01C34C731008A1B80 /* ViewController.swift */,
				4B5BF4F21C34C731008A1B80 /* Main.storyboard */,
				4B5BF4F51C34C731008A1B80 /* Assets.xcassets */,
				4B5BF4F71C34C731008A1B80 /* LaunchScreen.storyboard */,
				4B5BF4FA1C34C731008A1B80 /* Info.plist */,
			);
			path = BoozeBot;
			sourceTree = "<group>";
		};
		4B5BF5021C34C731008A1B80 /* BoozeBotTests */ = {
			isa = PBXGroup;
			children = (
				4B5BF5031C34C731008A1B80 /* BoozeBotTests.swift */,
				4B5BF5051C34C731008A1B80 /* Info.plist */,
			);
			path = BoozeBotTests;
			sourceTree = "<group>";
		};
		4B5BF50D1C34C731008A1B80 /* BoozeBotUITests */ = {
			isa = PBXGroup;
			children = (
				4B5BF50E1C34C731008A1B80 /* BoozeBotUITests.swift */,
				4B5BF5101C34C731008A1B80 /* Info.plist */,
			);
			path = BoozeBotUITests;
			sourceTree = "<group>";
		};
		B19359B5200A7EF4DAAD5FEA /* Frameworks */ = {
			isa = PBXGroup;
			children = (
				281A43783DDA800749E5220F /* libPods-BoozeBot.a */,
			);
			name = Frameworks;
			sourceTree = "<group>";
		};
/* End PBXGroup section */

/* Begin PBXNativeTarget section */
		4B5BF4EA1C34C731008A1B80 /* BoozeBot */ = {
			isa = PBXNativeTarget;
			buildConfigurationList = 4B5BF5131C34C731008A1B80 /* Build configuration list for PBXNativeTarget "BoozeBot" */;
			buildPhases = (
				5C8CB0ABCDF432E547E4B5D0 /* Check Pods Manifest.lock */,
				4B5BF4E71C34C731008A1B80 /* Sources */,
				4B5BF4E81C34C731008A1B80 /* Frameworks */,
				4B5BF4E91C34C731008A1B80 /* Resources */,
				975EEE525E1701911E550B09 /* Embed Pods Frameworks */,
				AE869D403B011EC86AC1DAEF /* Copy Pods Resources */,
			);
			buildRules = (
			);
			dependencies = (
			);
			name = BoozeBot;
			productName = BoozeBot;
			productReference = 4B5BF4EB1C34C731008A1B80 /* BoozeBot.app */;
			productType = "com.apple.product-type.application";
		};
		4B5BF4FE1C34C731008A1B80 /* BoozeBotTests */ = {
			isa = PBXNativeTarget;
			buildConfigurationList = 4B5BF5161C34C731008A1B80 /* Build configuration list for PBXNativeTarget "BoozeBotTests" */;
			buildPhases = (
				4B5BF4FB1C34C731008A1B80 /* Sources */,
				4B5BF4FC1C34C731008A1B80 /* Frameworks */,
				4B5BF4FD1C34C731008A1B80 /* Resources */,
			);
			buildRules = (
			);
			dependencies = (
				4B5BF5011C34C731008A1B80 /* PBXTargetDependency */,
			);
			name = BoozeBotTests;
			productName = BoozeBotTests;
			productReference = 4B5BF4FF1C34C731008A1B80 /* BoozeBotTests.xctest */;
			productType = "com.apple.product-type.bundle.unit-test";
		};
		4B5BF5091C34C731008A1B80 /* BoozeBotUITests */ = {
			isa = PBXNativeTarget;
			buildConfigurationList = 4B5BF5191C34C731008A1B80 /* Build configuration list for PBXNativeTarget "BoozeBotUITests" */;
			buildPhases = (
				4B5BF5061C34C731008A1B80 /* Sources */,
				4B5BF5071C34C731008A1B80 /* Frameworks */,
				4B5BF5081C34C731008A1B80 /* Resources */,
			);
			buildRules = (
			);
			dependencies = (
				4B5BF50C1C34C731008A1B80 /* PBXTargetDependency */,
			);
			name = BoozeBotUITests;
			productName = BoozeBotUITests;
			productReference = 4B5BF50A1C34C731008A1B80 /* BoozeBotUITests.xctest */;
			productType = "com.apple.product-type.bundle.ui-testing";
		};
/* End PBXNativeTarget section */

/* Begin PBXProject section */
		4B5BF4E31C34C731008A1B80 /* Project object */ = {
			isa = PBXProject;
			attributes = {
				LastSwiftUpdateCheck = 0720;
				LastUpgradeCheck = 0720;
				ORGANIZATIONNAME = "Jamie Sookprasong";
				TargetAttributes = {
					4B5BF4EA1C34C731008A1B80 = {
						CreatedOnToolsVersion = 7.2;
					};
					4B5BF4FE1C34C731008A1B80 = {
						CreatedOnToolsVersion = 7.2;
						TestTargetID = 4B5BF4EA1C34C731008A1B80;
					};
					4B5BF5091C34C731008A1B80 = {
						CreatedOnToolsVersion = 7.2;
						TestTargetID = 4B5BF4EA1C34C731008A1B80;
					};
				};
			};
			buildConfigurationList = 4B5BF4E61C34C731008A1B80 /* Build configuration list for PBXProject "BoozeBot" */;
			compatibilityVersion = "Xcode 3.2";
			developmentRegion = English;
			hasScannedForEncodings = 0;
			knownRegions = (
				en,
				Base,
			);
			mainGroup = 4B5BF4E21C34C731008A1B80;
			productRefGroup = 4B5BF4EC1C34C731008A1B80 /* Products */;
			projectDirPath = "";
			projectRoot = "";
			targets = (
				4B5BF4EA1C34C731008A1B80 /* BoozeBot */,
				4B5BF4FE1C34C731008A1B80 /* BoozeBotTests */,
				4B5BF5091C34C731008A1B80 /* BoozeBotUITests */,
			);
		};
/* End PBXProject section */

/* Begin PBXResourcesBuildPhase section */
		4B5BF4E91C34C731008A1B80 /* Resources */ = {
			isa = PBXResourcesBuildPhase;
			buildActionMask = 2147483647;
			files = (
				4B5BF4F91C34C731008A1B80 /* LaunchScreen.storyboard in Resources */,
				4B5BF4F61C34C731008A1B80 /* Assets.xcassets in Resources */,
				4B5BF4F41C34C731008A1B80 /* Main.storyboard in Resources */,
			);
			runOnlyForDeploymentPostprocessing = 0;
		};
		4B5BF4FD1C34C731008A1B80 /* Resources */ = {
			isa = PBXResourcesBuildPhase;
			buildActionMask = 2147483647;
			files = (
			);
			runOnlyForDeploymentPostprocessing = 0;
		};
		4B5BF5081C34C731008A1B80 /* Resources */ = {
			isa = PBXResourcesBuildPhase;
			buildActionMask = 2147483647;
			files = (
			);
			runOnlyForDeploymentPostprocessing = 0;
		};
/* End PBXResourcesBuildPhase section */

/* Begin PBXShellScriptBuildPhase section */
		5C8CB0ABCDF432E547E4B5D0 /* Check Pods Manifest.lock */ = {
			isa = PBXShellScriptBuildPhase;
			buildActionMask = 2147483647;
			files = (
			);
			inputPaths = (
			);
			name = "Check Pods Manifest.lock";
			outputPaths = (
			);
			runOnlyForDeploymentPostprocessing = 0;
			shellPath = /bin/sh;
			shellScript = "diff \"${PODS_ROOT}/../Podfile.lock\" \"${PODS_ROOT}/Manifest.lock\" > /dev/null\nif [[ $? != 0 ]] ; then\n    cat << EOM\nerror: The sandbox is not in sync with the Podfile.lock. Run 'pod install' or update your CocoaPods installation.\nEOM\n    exit 1\nfi\n";
			showEnvVarsInLog = 0;
		};
		975EEE525E1701911E550B09 /* Embed Pods Frameworks */ = {
			isa = PBXShellScriptBuildPhase;
			buildActionMask = 2147483647;
			files = (
			);
			inputPaths = (
			);
			name = "Embed Pods Frameworks";
			outputPaths = (
			);
			runOnlyForDeploymentPostprocessing = 0;
			shellPath = /bin/sh;
			shellScript = "\"${SRCROOT}/Pods/Target Support Files/Pods-BoozeBot/Pods-BoozeBot-frameworks.sh\"\n";
			showEnvVarsInLog = 0;
		};
		AE869D403B011EC86AC1DAEF /* Copy Pods Resources */ = {
			isa = PBXShellScriptBuildPhase;
			buildActionMask = 2147483647;
			files = (
			);
			inputPaths = (
			);
			name = "Copy Pods Resources";
			outputPaths = (
			);
			runOnlyForDeploymentPostprocessing = 0;
			shellPath = /bin/sh;
			shellScript = "\"${SRCROOT}/Pods/Target Support Files/Pods-BoozeBot/Pods-BoozeBot-resources.sh\"\n";
			showEnvVarsInLog = 0;
		};
/* End PBXShellScriptBuildPhase section */

/* Begin PBXSourcesBuildPhase section */
		4B5BF4E71C34C731008A1B80 /* Sources */ = {
			isa = PBXSourcesBuildPhase;
			buildActionMask = 2147483647;
			files = (
				4B5BF4F11C34C731008A1B80 /* ViewController.swift in Sources */,
				4B5BF4EF1C34C731008A1B80 /* AppDelegate.swift in Sources */,
			);
			runOnlyForDeploymentPostprocessing = 0;
		};
		4B5BF4FB1C34C731008A1B80 /* Sources */ = {
			isa = PBXSourcesBuildPhase;
			buildActionMask = 2147483647;
			files = (
				4B5BF5041C34C731008A1B80 /* BoozeBotTests.swift in Sources */,
			);
			runOnlyForDeploymentPostprocessing = 0;
		};
		4B5BF5061C34C731008A1B80 /* Sources */ = {
			isa = PBXSourcesBuildPhase;
			buildActionMask = 2147483647;
			files = (
				4B5BF50F1C34C731008A1B80 /* BoozeBotUITests.swift in Sources */,
			);
			runOnlyForDeploymentPostprocessing = 0;
		};
/* End PBXSourcesBuildPhase section */

/* Begin PBXTargetDependency section */
		4B5BF5011C34C731008A1B80 /* PBXTargetDependency */ = {
			isa = PBXTargetDependency;
			target = 4B5BF4EA1C34C731008A1B80 /* BoozeBot */;
			targetProxy = 4B5BF5001C34C731008A1B80 /* PBXContainerItemProxy */;
		};
		4B5BF50C1C34C731008A1B80 /* PBXTargetDependency */ = {
			isa = PBXTargetDependency;
			target = 4B5BF4EA1C34C731008A1B80 /* BoozeBot */;
			targetProxy = 4B5BF50B1C34C731008A1B80 /* PBXContainerItemProxy */;
		};
/* End PBXTargetDependency section */

/* Begin PBXVariantGroup section */
		4B5BF4F21C34C731008A1B80 /* Main.storyboard */ = {
			isa = PBXVariantGroup;
			children = (
				4B5BF4F31C34C731008A1B80 /* Base */,
			);
			name = Main.storyboard;
			sourceTree = "<group>";
		};
		4B5BF4F71C34C731008A1B80 /* LaunchScreen.storyboard */ = {
			isa = PBXVariantGroup;
			children = (
				4B5BF4F81C34C731008A1B80 /* Base */,
			);
			name = LaunchScreen.storyboard;
			sourceTree = "<group>";
		};
/* End PBXVariantGroup section */

/* Begin XCBuildConfiguration section */
		4B5BF5111C34C731008A1B80 /* Debug */ = {
			isa = XCBuildConfiguration;
			buildSettings = {
				ALWAYS_SEARCH_USER_PATHS = NO;
				CLANG_CXX_LANGUAGE_STANDARD = "gnu++0x";
				CLANG_CXX_LIBRARY = "libc++";
				CLANG_ENABLE_MODULES = YES;
				CLANG_ENABLE_OBJC_ARC = YES;
				CLANG_WARN_BOOL_CONVERSION = YES;
				CLANG_WARN_CONSTANT_CONVERSION = YES;
				CLANG_WARN_DIRECT_OBJC_ISA_USAGE = YES_ERROR;
				CLANG_WARN_EMPTY_BODY = YES;
				CLANG_WARN_ENUM_CONVERSION = YES;
				CLANG_WARN_INT_CONVERSION = YES;
				CLANG_WARN_OBJC_ROOT_CLASS = YES_ERROR;
				CLANG_WARN_UNREACHABLE_CODE = YES;
				CLANG_WARN__DUPLICATE_METHOD_MATCH = YES;
				"CODE_SIGN_IDENTITY[sdk=iphoneos*]" = "iPhone Developer";
				COPY_PHASE_STRIP = NO;
				DEBUG_INFORMATION_FORMAT = dwarf;
				ENABLE_STRICT_OBJC_MSGSEND = YES;
				ENABLE_TESTABILITY = YES;
				GCC_C_LANGUAGE_STANDARD = gnu99;
				GCC_DYNAMIC_NO_PIC = NO;
				GCC_NO_COMMON_BLOCKS = YES;
				GCC_OPTIMIZATION_LEVEL = 0;
				GCC_PREPROCESSOR_DEFINITIONS = (
					"DEBUG=1",
					"$(inherited)",
				);
				GCC_WARN_64_TO_32_BIT_CONVERSION = YES;
				GCC_WARN_ABOUT_RETURN_TYPE = YES_ERROR;
				GCC_WARN_UNDECLARED_SELECTOR = YES;
				GCC_WARN_UNINITIALIZED_AUTOS = YES_AGGRESSIVE;
				GCC_WARN_UNUSED_FUNCTION = YES;
				GCC_WARN_UNUSED_VARIABLE = YES;
				IPHONEOS_DEPLOYMENT_TARGET = 9.2;
				MTL_ENABLE_DEBUG_INFO = YES;
				ONLY_ACTIVE_ARCH = YES;
				SDKROOT = iphoneos;
				SWIFT_OPTIMIZATION_LEVEL = "-Onone";
			};
			name = Debug;
		};
		4B5BF5121C34C731008A1B80 /* Release */ = {
			isa = XCBuildConfiguration;
			buildSettings = {
				ALWAYS_SEARCH_USER_PATHS = NO;
				CLANG_CXX_LANGUAGE_STANDARD = "gnu++0x";
				CLANG_CXX_LIBRARY = "libc++";
				CLANG_ENABLE_MODULES = YES;
				CLANG_ENABLE_OBJC_ARC = YES;
				CLANG_WARN_BOOL_CONVERSION = YES;
				CLANG_WARN_CONSTANT_CONVERSION = YES;
				CLANG_WARN_DIRECT_OBJC_ISA_USAGE = YES_ERROR;
				CLANG_WARN_EMPTY_BODY = YES;
				CLANG_WARN_ENUM_CONVERSION = YES;
				CLANG_WARN_INT_CONVERSION = YES;
				CLANG_WARN_OBJC_ROOT_CLASS = YES_ERROR;
				CLANG_WARN_UNREACHABLE_CODE = YES;
				CLANG_WARN__DUPLICATE_METHOD_MATCH = YES;
				"CODE_SIGN_IDENTITY[sdk=iphoneos*]" = "iPhone Developer";
				COPY_PHASE_STRIP = NO;
				DEBUG_INFORMATION_FORMAT = "dwarf-with-dsym";
				ENABLE_NS_ASSERTIONS = NO;
				ENABLE_STRICT_OBJC_MSGSEND = YES;
				GCC_C_LANGUAGE_STANDARD = gnu99;
				GCC_NO_COMMON_BLOCKS = YES;
				GCC_WARN_64_TO_32_BIT_CONVERSION = YES;
				GCC_WARN_ABOUT_RETURN_TYPE = YES_ERROR;
				GCC_WARN_UNDECLARED_SELECTOR = YES;
				GCC_WARN_UNINITIALIZED_AUTOS = YES_AGGRESSIVE;
				GCC_WARN_UNUSED_FUNCTION = YES;
				GCC_WARN_UNUSED_VARIABLE = YES;
				IPHONEOS_DEPLOYMENT_TARGET = 9.2;
				MTL_ENABLE_DEBUG_INFO = NO;
				SDKROOT = iphoneos;
				VALIDATE_PRODUCT = YES;
			};
			name = Release;
		};
		4B5BF5141C34C731008A1B80 /* Debug */ = {
			isa = XCBuildConfiguration;
			baseConfigurationReference = 4B7E2A9F87EEF2B94FAF0AB3 /* Pods-BoozeBot.debug.xcconfig */;
			buildSettings = {
				ASSETCATALOG_COMPILER_APPICON_NAME = AppIcon;
				INFOPLIST_FILE = BoozeBot/Info.plist;
				LD_RUNPATH_SEARCH_PATHS = "$(inherited) @executable_path/Frameworks";
				PRODUCT_BUNDLE_IDENTIFIER = com.eexhouse.BoozeBot;
				PRODUCT_NAME = "$(TARGET_NAME)";
			};
			name = Debug;
		};
		4B5BF5151C34C731008A1B80 /* Release */ = {
			isa = XCBuildConfiguration;
			baseConfigurationReference = D9DC5A7E12CA5FF9A06F3890 /* Pods-BoozeBot.release.xcconfig */;
			buildSettings = {
				ASSETCATALOG_COMPILER_APPICON_NAME = AppIcon;
				INFOPLIST_FILE = BoozeBot/Info.plist;
				LD_RUNPATH_SEARCH_PATHS = "$(inherited) @executable_path/Frameworks";
				PRODUCT_BUNDLE_IDENTIFIER = com.eexhouse.BoozeBot;
				PRODUCT_NAME = "$(TARGET_NAME)";
			};
			name = Release;
		};
		4B5BF5171C34C731008A1B80 /* Debug */ = {
			isa = XCBuildConfiguration;
			buildSettings = {
				BUNDLE_LOADER = "$(TEST_HOST)";
				INFOPLIST_FILE = BoozeBotTests/Info.plist;
				LD_RUNPATH_SEARCH_PATHS = "$(inherited) @executable_path/Frameworks @loader_path/Frameworks";
				PRODUCT_BUNDLE_IDENTIFIER = com.eexhouse.BoozeBotTests;
				PRODUCT_NAME = "$(TARGET_NAME)";
				TEST_HOST = "$(BUILT_PRODUCTS_DIR)/BoozeBot.app/BoozeBot";
			};
			name = Debug;
		};
		4B5BF5181C34C731008A1B80 /* Release */ = {
			isa = XCBuildConfiguration;
			buildSettings = {
				BUNDLE_LOADER = "$(TEST_HOST)";
				INFOPLIST_FILE = BoozeBotTests/Info.plist;
				LD_RUNPATH_SEARCH_PATHS = "$(inherited) @executable_path/Frameworks @loader_path/Frameworks";
				PRODUCT_BUNDLE_IDENTIFIER = com.eexhouse.BoozeBotTests;
				PRODUCT_NAME = "$(TARGET_NAME)";
				TEST_HOST = "$(BUILT_PRODUCTS_DIR)/BoozeBot.app/BoozeBot";
			};
			name = Release;
		};
		4B5BF51A1C34C731008A1B80 /* Debug */ = {
			isa = XCBuildConfiguration;
			buildSettings = {
				INFOPLIST_FILE = BoozeBotUITests/Info.plist;
				LD_RUNPATH_SEARCH_PATHS = "$(inherited) @executable_path/Frameworks @loader_path/Frameworks";
				PRODUCT_BUNDLE_IDENTIFIER = com.eexhouse.BoozeBotUITests;
				PRODUCT_NAME = "$(TARGET_NAME)";
				TEST_TARGET_NAME = BoozeBot;
				USES_XCTRUNNER = YES;
			};
			name = Debug;
		};
		4B5BF51B1C34C731008A1B80 /* Release */ = {
			isa = XCBuildConfiguration;
			buildSettings = {
				INFOPLIST_FILE = BoozeBotUITests/Info.plist;
				LD_RUNPATH_SEARCH_PATHS = "$(inherited) @executable_path/Frameworks @loader_path/Frameworks";
				PRODUCT_BUNDLE_IDENTIFIER = com.eexhouse.BoozeBotUITests;
				PRODUCT_NAME = "$(TARGET_NAME)";
				TEST_TARGET_NAME = BoozeBot;
				USES_XCTRUNNER = YES;
			};
			name = Release;
		};
/* End XCBuildConfiguration section */

/* Begin XCConfigurationList section */
		4B5BF4E61C34C731008A1B80 /* Build configuration list for PBXProject "BoozeBot" */ = {
			isa = XCConfigurationList;
			buildConfigurations = (
				4B5BF5111C34C731008A1B80 /* Debug */,
				4B5BF5121C34C731008A1B80 /* Release */,
			);
			defaultConfigurationIsVisible = 0;
			defaultConfigurationName = Release;
		};
		4B5BF5131C34C731008A1B80 /* Build configuration list for PBXNativeTarget "BoozeBot" */ = {
			isa = XCConfigurationList;
			buildConfigurations = (
				4B5BF5141C34C731008A1B80 /* Debug */,
				4B5BF5151C34C731008A1B80 /* Release */,
			);
			defaultConfigurationIsVisible = 0;
			defaultConfigurationName = Release;
		};
		4B5BF5161C34C731008A1B80 /* Build configuration list for PBXNativeTarget "BoozeBotTests" */ = {
			isa = XCConfigurationList;
			buildConfigurations = (
				4B5BF5171C34C731008A1B80 /* Debug */,
				4B5BF5181C34C731008A1B80 /* Release */,
			);
			defaultConfigurationIsVisible = 0;
			defaultConfigurationName = Release;
		};
		4B5BF5191C34C731008A1B80 /* Build configuration list for PBXNativeTarget "BoozeBotUITests" */ = {
			isa = XCConfigurationList;
			buildConfigurations = (
				4B5BF51A1C34C731008A1B80 /* Debug */,
				4B5BF51B1C34C731008A1B80 /* Release */,
			);
			defaultConfigurationIsVisible = 0;
			defaultConfigurationName = Release;
		};
/* End XCConfigurationList section */
	};
	rootObject = 4B5BF4E31C34C731008A1B80 /* Project object */;
}
